
Microsoft Visual Studio Solution File, Format Version 12.00
# Visual Studio 15
VisualStudioVersion = 15.0.28307.1684
MinimumVisualStudioVersion = 10.0.40219.1
Project("{8BC9CEB8-8B4A-11D0-8D11-00A0C91BC942}") = "Ch6_3", "Ch6_3\Ch6_3.vcxproj", "{ED15A230-B2F6-4FD2-8208-B815A40E6AAD}"
EndProject
Global
	GlobalSection(SolutionConfigurationPlatforms) = preSolution
		Debug|x64 = Debug|x64
		Debug|x86 = Debug|x86
		Release|x64 = Release|x64
		Release|x86 = Release|x86
	EndGlobalSection
	GlobalSection(ProjectConfigurationPlatforms) = postSolution
		{ED15A230-B2F6-4FD2-8208-B815A40E6AAD}.Debug|x64.ActiveCfg = Debug|x64
		{ED15A230-B2F6-4FD2-8208-B815A40E6AAD}.Debug|x64.Build.0 = Debug|x64
		{ED15A230-B2F6-4FD2-8208-B815A40E6AAD}.Debug|x86.ActiveCfg = Debug|Win32
		{ED15A230-B2F6-4FD2-8208-B815A40E6AAD}.Debug|x86.Build.0 = Debug|Win32
		{ED15A230-B2F6-4FD2-8208-B815A40E6AAD}.Release|x64.ActiveCfg = Release|x64
		{ED15A230-B2F6-4FD2-8208-B815A40E6AAD}.Release|x64.Build.0 = Release|x64
		{ED15A230-B2F6-4FD2-8208-B815A40E6AAD}.Release|x86.ActiveCfg = Release|Win32
		{ED15A230-B2F6-4FD2-8208-B815A40E6AAD}.Release|x86.Build.0 = Release|Win32
	EndGlobalSection
	GlobalSection(SolutionProperties) = preSolution
		HideSolutionNode = FALSE
	EndGlobalSection
	GlobalSection(ExtensibilityGlobals) = postSolution
		SolutionGuid = {C129B8F1-D1B9-44AC-A908-E6E0C5F16294}
	EndGlobalSection
EndGlobal
